# This file is generated by running "yarn install" inside your project.
# Manual changes might be lost - proceed with caution!

__metadata:
  version: 7
  cacheKey: 9

"react-is@npm:^18.2.0":
  version: 18.2.0
  resolution: "react-is@npm:18.2.0"
  checksum: f542f0effed3f89b4faa237bf56e746d437c9dba4ed1039a2ba6e6fcb463244300b8f3c17d8e610e76476a626c4d97ee4c2ed7a5b5d64e2b2e2d7b2144816ac8
  languageName: node
  linkType: hard

"root-workspace-0b6124@workspace:.":
  version: 0.0.0-use.local
  resolution: "root-workspace-0b6124@workspace:."
  dependencies:
    react-is: "npm:^18.2.0"
  languageName: unknown
  linkType: soft
